
Microsoft Visual Studio Solution File, Format Version 12.00
# Visual Studio 15
VisualStudioVersion = 15.0.27703.2042
MinimumVisualStudioVersion = 10.0.40219.1
Project("{FAE04EC0-301F-11D3-BF4B-00C04F79EFBC}") = "ColourMatch", "ColourMatch\ColourMatch.csproj", "{EE7C3D50-7759-4FA6-9380-1E75FDAD5C4C}"
EndProject
Global
	GlobalSection(SolutionConfigurationPlatforms) = preSolution
		Debug|Any CPU = Debug|Any CPU
		Release|Any CPU = Release|Any CPU
	EndGlobalSection
	GlobalSection(ProjectConfigurationPlatforms) = postSolution
		{EE7C3D50-7759-4FA6-9380-1E75FDAD5C4C}.Debug|Any CPU.ActiveCfg = Debug|Any CPU
		{EE7C3D50-7759-4FA6-9380-1E75FDAD5C4C}.Debug|Any CPU.Build.0 = Debug|Any CPU
		{EE7C3D50-7759-4FA6-9380-1E75FDAD5C4C}.Release|Any CPU.ActiveCfg = Release|Any CPU
		{EE7C3D50-7759-4FA6-9380-1E75FDAD5C4C}.Release|Any CPU.Build.0 = Release|Any CPU
	EndGlobalSection
	GlobalSection(SolutionProperties) = preSolution
		HideSolutionNode = FALSE
	EndGlobalSection
	GlobalSection(ExtensibilityGlobals) = postSolution
		SolutionGuid = {78290551-458B-4535-8200-D38A006206F5}
	EndGlobalSection
EndGlobal
